
Microsoft Visual Studio Solution File, Format Version 12.00
# Visual Studio 15
Project("{FAE04EC0-301F-11D3-BF4B-00C04F79EFBC}") = "Assembly-CSharp", "Assembly-CSharp.csproj", "{2746F9E8-2B16-99B8-084C-A165FE06201A}"
EndProject
Project("{FAE04EC0-301F-11D3-BF4B-00C04F79EFBC}") = "Assembly-CSharp-Editor", "Assembly-CSharp-Editor.csproj", "{134B018C-E1C9-4702-DB9D-8E8D18BB3E68}"
EndProject
Global
	GlobalSection(SolutionConfigurationPlatforms) = preSolution
		Debug|Any CPU = Debug|Any CPU
		Release|Any CPU = Release|Any CPU
	EndGlobalSection
	GlobalSection(ProjectConfigurationPlatforms) = postSolution
		{2746F9E8-2B16-99B8-084C-A165FE06201A}.Debug|Any CPU.ActiveCfg = Debug|Any CPU
		{2746F9E8-2B16-99B8-084C-A165FE06201A}.Debug|Any CPU.Build.0 = Debug|Any CPU
		{2746F9E8-2B16-99B8-084C-A165FE06201A}.Release|Any CPU.ActiveCfg = Release|Any CPU
		{2746F9E8-2B16-99B8-084C-A165FE06201A}.Release|Any CPU.Build.0 = Release|Any CPU
		{134B018C-E1C9-4702-DB9D-8E8D18BB3E68}.Debug|Any CPU.ActiveCfg = Debug|Any CPU
		{134B018C-E1C9-4702-DB9D-8E8D18BB3E68}.Debug|Any CPU.Build.0 = Debug|Any CPU
		{134B018C-E1C9-4702-DB9D-8E8D18BB3E68}.Release|Any CPU.ActiveCfg = Release|Any CPU
		{134B018C-E1C9-4702-DB9D-8E8D18BB3E68}.Release|Any CPU.Build.0 = Release|Any CPU
	EndGlobalSection
	GlobalSection(SolutionProperties) = preSolution
		HideSolutionNode = FALSE
	EndGlobalSection
EndGlobal
